{
    "name": "personal-blog",
    "version": "1.0.0",
    "lockfileVersion": 2,
    "requires": true,
    "packages": {
      "": {
        "name": "personal-blog",
        "version": "1.0.0",
        "license": "MIT",
        "dependencies": {
          "serve-handler": "^6.1.5"
        }
      },
      "node_modules/serve-handler": {
        "version": "6.1.5",
        "resolved": "https://registry.npmjs.org/serve-handler/-/serve-handler-6.1.5.tgz",
        "integrity": "sha512-ijPFle6Hwe8zfmBxJdE+5fta53fdIY0lHISJvuikXB3VYFafRjMRpOffSPvCYsbKyBA7pvy9oYr/BT1O3EArlgQ=="
      }
    },
    "dependencies": {
      "serve-handler": {
        "version": "6.1.5",
        "resolved": "https://registry.npmjs.org/serve-handler/-/serve-handler-6.1.5.tgz",
        "integrity": "sha512-ijPFle6Hwe8zfmBxJdE+5fta53fdIY0lHISJvuikXB3VYFafRjMRpOffSPvCYsbKyBA7pvy9oYr/BT1O3EArlgQ=="
      }
    }
  }